<?xml version="1.0" encoding="utf-8"?>
<Project ToolsVersion="4.0" xmlns="http://schemas.microsoft.com/developer/msbuild/2003">
  <ItemGroup>
    <Filter Include="Source Files">
      <UniqueIdentifier>{4FC737F1-C7A5-4376-A066-2A32D752A2FF}</UniqueIdentifier>
      <Extensions>cpp;c;cc;cxx;c++;cppm;ixx;def;odl;idl;hpj;bat;asm;asmx</Extensions>
    </Filter>
    <Filter Include="Header Files">
      <UniqueIdentifier>{93995380-89BD-4b04-88EB-625FBE52EBFB}</UniqueIdentifier>
      <Extensions>h;hh;hpp;hxx;h++;hm;inl;inc;ipp;xsd</Extensions>
    </Filter>
    <Filter Include="Resource Files">
      <UniqueIdentifier>{67DA6AB6-F800-4c08-8B7A-83BB121AAD01}</UniqueIdentifier>
      <Extensions>rc;ico;cur;bmp;dlg;rc2;rct;bin;rgs;gif;jpg;jpeg;jpe;resx;tiff;tif;png;wav;mfcribbon-ms</Extensions>
    </Filter>
  </ItemGroup>
  <ItemGroup>
    <ClCompile Include="core\diagnostics\diagnostics.cpp">
      <Filter>Source Files</Filter>
    </ClCompile>
    <ClCompile Include="core\diagnostics\profiler.cpp">
      <Filter>Source Files</Filter>
    </ClCompile>
    <ClCompile Include="core\input\cursor.cpp">
      <Filter>Source Files</Filter>
    </ClCompile>
    <ClCompile Include="core\input\input.cpp">
      <Filter>Source Files</Filter>
    </ClCompile>
    <ClCompile Include="core\rendering\passes\forward_pass.cpp">
      <Filter>Source Files</Filter>
    </ClCompile>
    <ClCompile Include="core\rendering\passes\pre_pass.cpp">
      <Filter>Source Files</Filter>
    </ClCompile>
    <ClCompile Include="core\rendering\transformation\transformation.cpp">
      <Filter>Source Files</Filter>
    </ClCompile>
    <ClCompile Include="core\rendering\culling\bounding_volume.cpp">
      <Filter>Source Files</Filter>
    </ClCompile>
    <ClCompile Include="core\rendering\gizmos\imgizmo.cpp">
      <Filter>Source Files</Filter>
    </ClCompile>
    <ClCompile Include="core\rendering\material\lit\lit_material.cpp">
      <Filter>Source Files</Filter>
    </ClCompile>
    <ClCompile Include="core\rendering\material\unlit\unlit_material.cpp">
      <Filter>Source Files</Filter>
    </ClCompile>
    <ClCompile Include="core\rendering\model\mesh.cpp">
      <Filter>Source Files</Filter>
    </ClCompile>
    <ClCompile Include="core\rendering\model\model.cpp">
      <Filter>Source Files</Filter>
    </ClCompile>
    <ClCompile Include="core\rendering\postprocessing\bloom_pass.cpp">
      <Filter>Source Files</Filter>
    </ClCompile>
    <ClCompile Include="core\rendering\postprocessing\motion_blur_pass.cpp">
      <Filter>Source Files</Filter>
    </ClCompile>
    <ClCompile Include="core\rendering\postprocessing\post_processing_pipeline.cpp">
      <Filter>Source Files</Filter>
    </ClCompile>
    <ClCompile Include="core\rendering\primitives\global_quad.cpp">
      <Filter>Source Files</Filter>
    </ClCompile>
    <ClCompile Include="core\rendering\shader\Shader.cpp">
      <Filter>Source Files</Filter>
    </ClCompile>
    <ClCompile Include="core\rendering\shader\shader_pool.cpp">
      <Filter>Source Files</Filter>
    </ClCompile>
    <ClCompile Include="core\rendering\shadows\shadow_disk.cpp">
      <Filter>Source Files</Filter>
    </ClCompile>
    <ClCompile Include="core\rendering\shadows\shadow_map.cpp">
      <Filter>Source Files</Filter>
    </ClCompile>
    <ClCompile Include="core\rendering\skybox\cubemap.cpp">
      <Filter>Source Files</Filter>
    </ClCompile>
    <ClCompile Include="core\rendering\skybox\skybox.cpp">
      <Filter>Source Files</Filter>
    </ClCompile>
    <ClCompile Include="core\rendering\ssao\ssao_pass.cpp">
      <Filter>Source Files</Filter>
    </ClCompile>
    <ClCompile Include="core\rendering\texture\texture.cpp">
      <Filter>Source Files</Filter>
    </ClCompile>
    <ClCompile Include="core\rendering\velocitybuffer\velocity_buffer.cpp">
      <Filter>Source Files</Filter>
    </ClCompile>
    <ClCompile Include="core\time\time.cpp">
      <Filter>Source Files</Filter>
    </ClCompile>
    <ClCompile Include="core\transform\transform.cpp">
      <Filter>Source Files</Filter>
    </ClCompile>
    <ClCompile Include="core\utils\iohandler.cpp">
      <Filter>Source Files</Filter>
    </ClCompile>
    <ClCompile Include="core\utils\log.cpp">
      <Filter>Source Files</Filter>
    </ClCompile>
    <ClCompile Include="core\utils\string_helper.cpp">
      <Filter>Source Files</Filter>
    </ClCompile>
    <ClCompile Include="glad.c">
      <Filter>Source Files</Filter>
    </ClCompile>
    <ClCompile Include="src\example\src\game_logic.cpp">
      <Filter>Source Files</Filter>
    </ClCompile>
    <ClCompile Include="src\main.cpp">
      <Filter>Source Files</Filter>
    </ClCompile>
    <ClCompile Include="src\runtime\runtime.cpp">
      <Filter>Source Files</Filter>
    </ClCompile>
    <ClCompile Include="src\ui\editor_ui.cpp">
      <Filter>Source Files</Filter>
    </ClCompile>
    <ClCompile Include="src\ui\components\im_components.cpp">
      <Filter>Source Files</Filter>
    </ClCompile>
    <ClCompile Include="src\ui\ui_flex.cpp">
      <Filter>Source Files</Filter>
    </ClCompile>
    <ClCompile Include="src\ui\windows\diagnostics_window.cpp">
      <Filter>Source Files</Filter>
    </ClCompile>
    <ClCompile Include="src\ui\windows\post_processing_window.cpp">
      <Filter>Source Files</Filter>
    </ClCompile>
    <ClCompile Include="src\ui\windows\viewport_window.cpp">
      <Filter>Source Files</Filter>
    </ClCompile>
    <ClCompile Include="core\misc\stb_image.cpp">
      <Filter>Source Files</Filter>
    </ClCompile>
    <ClCompile Include="src\ui\windows\console_window.cpp">
      <Filter>Source Files</Filter>
    </ClCompile>
    <ClCompile Include="src\ui\ui_utils.cpp">
      <Filter>Source Files</Filter>
    </ClCompile>
    <ClCompile Include="core\rendering\sceneview\scene_view_forward_pass.cpp">
      <Filter>Source Files</Filter>
    </ClCompile>
    <ClCompile Include="src\ui\windows\game_window.cpp">
      <Filter>Source Files</Filter>
    </ClCompile>
    <ClCompile Include="src\pipelines\scene_view_pipeline.cpp">
      <Filter>Source Files</Filter>
    </ClCompile>
    <ClCompile Include="core\rendering\icons\icon_pool.cpp">
      <Filter>Source Files</Filter>
    </ClCompile>
    <ClCompile Include="src\pipelines\game_view_pipeline.cpp">
      <Filter>Source Files</Filter>
    </ClCompile>
    <ClCompile Include="core\ecs\ecs.cpp">
      <Filter>Source Files</Filter>
    </ClCompile>
    <ClCompile Include="src\ui\windows\registry_window.cpp">
      <Filter>Source Files</Filter>
    </ClCompile>
    <ClCompile Include="core\physics\core\physics_context.cpp">
      <Filter>Source Files</Filter>
    </ClCompile>
    <ClCompile Include="core\physics\rigidbody\rigidbody.cpp">
      <Filter>Source Files</Filter>
    </ClCompile>
    <ClCompile Include="core\physics\utils\px_translator.cpp">
      <Filter>Source Files</Filter>
    </ClCompile>
    <ClCompile Include="core\physics\core\physics_factory.cpp">
      <Filter>Source Files</Filter>
    </ClCompile>
    <ClCompile Include="core\context\application_context.cpp">
      <Filter>Source Files</Filter>
    </ClCompile>
    <ClCompile Include="imgui\imgui.cpp">
      <Filter>Source Files</Filter>
    </ClCompile>
    <ClCompile Include="imgui\imgui_demo.cpp">
      <Filter>Source Files</Filter>
    </ClCompile>
    <ClCompile Include="imgui\imgui_draw.cpp">
      <Filter>Source Files</Filter>
    </ClCompile>
    <ClCompile Include="imgui\imgui_impl_glfw.cpp">
      <Filter>Source Files</Filter>
    </ClCompile>
    <ClCompile Include="imgui\imgui_impl_opengl3.cpp">
      <Filter>Source Files</Filter>
    </ClCompile>
    <ClCompile Include="imgui\imgui_tables.cpp">
      <Filter>Source Files</Filter>
    </ClCompile>
    <ClCompile Include="imgui\imgui_widgets.cpp">
      <Filter>Source Files</Filter>
    </ClCompile>
    <ClCompile Include="imgui\ImGuizmo.cpp">
      <Filter>Source Files</Filter>
    </ClCompile>
    <ClCompile Include="imgui\implot.cpp">
      <Filter>Source Files</Filter>
    </ClCompile>
    <ClCompile Include="imgui\implot_demo.cpp">
      <Filter>Source Files</Filter>
    </ClCompile>
    <ClCompile Include="imgui\implot_items.cpp">
      <Filter>Source Files</Filter>
    </ClCompile>
    <ClCompile Include="src\ui\dynamic_drawing\dynamic_content.cpp">
      <Filter>Source Files</Filter>
    </ClCompile>
    <ClCompile Include="src\ui\dynamic_drawing\dynamic_text.cpp">
      <Filter>Source Files</Filter>
    </ClCompile>
    <ClCompile Include="src\ui\context_menu.cpp">
      <Filter>Source Files</Filter>
    </ClCompile>
    <ClCompile Include="src\gizmos\component_gizmos.cpp">
      <Filter>Source Files</Filter>
    </ClCompile>
    <ClCompile Include="core\viewport\viewport.cpp">
      <Filter>Source Files</Filter>
    </ClCompile>
    <ClCompile Include="core\rendering\passes\preprocessor_pass.cpp">
      <Filter>Source Files</Filter>
    </ClCompile>
    <ClCompile Include="src\ui\windows\insight_panel_window.cpp">
      <Filter>Source Files</Filter>
    </ClCompile>
    <ClCompile Include="src\ui\inspectables\entity_inspectable.cpp">
      <Filter>Source Files</Filter>
    </ClCompile>
    <ClCompile Include="src\pipelines\preview_pipeline.cpp">
      <Filter>Source Files</Filter>
    </ClCompile>
    <ClCompile Include="src\ui\footer\footer.cpp">
      <Filter>Source Files</Filter>
    </ClCompile>
    <ClCompile Include="src\ui\workspace_bar\workspace_bar.cpp">
      <Filter>Source Files</Filter>
    </ClCompile>
    <ClCompile Include="src\ui\title_bar\title_bar.cpp">
      <Filter>Source Files</Filter>
    </ClCompile>
    <ClCompile Include="src\ui\components\toggle_bar.cpp">
      <Filter>Source Files</Filter>
    </ClCompile>
    <ClCompile Include="src\ui\windows\asset_browser_window.cpp">
      <Filter>Source Files</Filter>
    </ClCompile>
  </ItemGroup>
  <ItemGroup>
    <ClInclude Include="core\diagnostics\diagnostics.h">
      <Filter>Header Files</Filter>
    </ClInclude>
    <ClInclude Include="core\diagnostics\profiler.h">
      <Filter>Header Files</Filter>
    </ClInclude>
    <ClInclude Include="core\engine.h">
      <Filter>Header Files</Filter>
    </ClInclude>
    <ClInclude Include="core\input\cursor.h">
      <Filter>Header Files</Filter>
    </ClInclude>
    <ClInclude Include="core\input\input.h">
      <Filter>Header Files</Filter>
    </ClInclude>
    <ClInclude Include="core\rendering\passes\forward_pass.h">
      <Filter>Header Files</Filter>
    </ClInclude>
    <ClInclude Include="core\rendering\passes\pre_pass.h">
      <Filter>Header Files</Filter>
    </ClInclude>
    <ClInclude Include="core\rendering\transformation\transformation.h">
      <Filter>Header Files</Filter>
    </ClInclude>
    <ClInclude Include="core\rendering\culling\bounding_volume.h">
      <Filter>Header Files</Filter>
    </ClInclude>
    <ClInclude Include="core\rendering\gizmos\gizmos.h">
      <Filter>Header Files</Filter>
    </ClInclude>
    <ClInclude Include="core\rendering\gizmos\gizmo_color.h">
      <Filter>Header Files</Filter>
    </ClInclude>
    <ClInclude Include="core\rendering\gizmos\imgizmo.h">
      <Filter>Header Files</Filter>
    </ClInclude>
    <ClInclude Include="core\rendering\material\imaterial.h">
      <Filter>Header Files</Filter>
    </ClInclude>
    <ClInclude Include="core\rendering\material\lit\lit_material.h">
      <Filter>Header Files</Filter>
    </ClInclude>
    <ClInclude Include="core\rendering\material\unlit\unlit_material.h">
      <Filter>Header Files</Filter>
    </ClInclude>
    <ClInclude Include="core\rendering\model\mesh.h">
      <Filter>Header Files</Filter>
    </ClInclude>
    <ClInclude Include="core\rendering\model\model.h">
      <Filter>Header Files</Filter>
    </ClInclude>
    <ClInclude Include="core\rendering\postprocessing\bloom_pass.h">
      <Filter>Header Files</Filter>
    </ClInclude>
    <ClInclude Include="core\rendering\postprocessing\motion_blur_pass.h">
      <Filter>Header Files</Filter>
    </ClInclude>
    <ClInclude Include="core\rendering\postprocessing\post_processing.h">
      <Filter>Header Files</Filter>
    </ClInclude>
    <ClInclude Include="core\rendering\postprocessing\post_processing_pipeline.h">
      <Filter>Header Files</Filter>
    </ClInclude>
    <ClInclude Include="core\rendering\primitives\global_quad.h">
      <Filter>Header Files</Filter>
    </ClInclude>
    <ClInclude Include="core\rendering\shader\Shader.h">
      <Filter>Header Files</Filter>
    </ClInclude>
    <ClInclude Include="core\rendering\shader\shader_pool.h">
      <Filter>Header Files</Filter>
    </ClInclude>
    <ClInclude Include="core\rendering\shadows\shadow_disk.h">
      <Filter>Header Files</Filter>
    </ClInclude>
    <ClInclude Include="core\rendering\shadows\shadow_map.h">
      <Filter>Header Files</Filter>
    </ClInclude>
    <ClInclude Include="core\rendering\skybox\cubemap.h">
      <Filter>Header Files</Filter>
    </ClInclude>
    <ClInclude Include="core\rendering\skybox\skybox.h">
      <Filter>Header Files</Filter>
    </ClInclude>
    <ClInclude Include="core\rendering\ssao\ssao_pass.h">
      <Filter>Header Files</Filter>
    </ClInclude>
    <ClInclude Include="core\rendering\texture\texture.h">
      <Filter>Header Files</Filter>
    </ClInclude>
    <ClInclude Include="core\rendering\velocitybuffer\velocity_buffer.h">
      <Filter>Header Files</Filter>
    </ClInclude>
    <ClInclude Include="core\time\time.h">
      <Filter>Header Files</Filter>
    </ClInclude>
    <ClInclude Include="core\transform\transform.h">
      <Filter>Header Files</Filter>
    </ClInclude>
    <ClInclude Include="core\utils\iohandler.h">
      <Filter>Header Files</Filter>
    </ClInclude>
    <ClInclude Include="core\utils\log.h">
      <Filter>Header Files</Filter>
    </ClInclude>
    <ClInclude Include="core\utils\string_helper.h">
      <Filter>Header Files</Filter>
    </ClInclude>
    <ClInclude Include="core\viewport\viewport.h">
      <Filter>Header Files</Filter>
    </ClInclude>
    <ClInclude Include="src\example\src\game_logic.h">
      <Filter>Header Files</Filter>
    </ClInclude>
    <ClInclude Include="src\runtime\runtime.h">
      <Filter>Header Files</Filter>
    </ClInclude>
    <ClInclude Include="src\ui\editor_ui.h">
      <Filter>Header Files</Filter>
    </ClInclude>
    <ClInclude Include="src\ui\windows\editor_window.h">
      <Filter>Header Files</Filter>
    </ClInclude>
    <ClInclude Include="src\ui\IconsFontAwesome6.h">
      <Filter>Header Files</Filter>
    </ClInclude>
    <ClInclude Include="src\ui\components\im_components.h">
      <Filter>Header Files</Filter>
    </ClInclude>
    <ClInclude Include="src\ui\ui_flex.h">
      <Filter>Header Files</Filter>
    </ClInclude>
    <ClInclude Include="src\ui\windows\diagnostics_window.h">
      <Filter>Header Files</Filter>
    </ClInclude>
    <ClInclude Include="src\ui\windows\post_processing_window.h">
      <Filter>Header Files</Filter>
    </ClInclude>
    <ClInclude Include="src\ui\windows\viewport_window.h">
      <Filter>Header Files</Filter>
    </ClInclude>
    <ClInclude Include="src\ui\windows\console_window.h">
      <Filter>Header Files</Filter>
    </ClInclude>
    <ClInclude Include="src\ui\ui_utils.h">
      <Filter>Header Files</Filter>
    </ClInclude>
    <ClInclude Include="core\rendering\sceneview\scene_view_forward_pass.h">
      <Filter>Header Files</Filter>
    </ClInclude>
    <ClInclude Include="src\ui\windows\game_window.h">
      <Filter>Header Files</Filter>
    </ClInclude>
    <ClInclude Include="src\pipelines\scene_view_pipeline.h">
      <Filter>Header Files</Filter>
    </ClInclude>
    <ClInclude Include="core\rendering\icons\icon_pool.h">
      <Filter>Header Files</Filter>
    </ClInclude>
    <ClInclude Include="core\ecs\components.h">
      <Filter>Header Files</Filter>
    </ClInclude>
    <ClInclude Include="src\pipelines\game_view_pipeline.h">
      <Filter>Header Files</Filter>
    </ClInclude>
    <ClInclude Include="core\ecs\composed.h">
      <Filter>Header Files</Filter>
    </ClInclude>
    <ClInclude Include="core\ecs\ecs_collection.h">
      <Filter>Header Files</Filter>
    </ClInclude>
    <ClInclude Include="core\ecs\ecs.h">
      <Filter>Header Files</Filter>
    </ClInclude>
    <ClInclude Include="src\ui\windows\registry_window.h">
      <Filter>Header Files</Filter>
    </ClInclude>
    <ClInclude Include="core\ecs\registry_state.hpp">
      <Filter>Header Files</Filter>
    </ClInclude>
    <ClInclude Include="core\physics\core\physics_context.h">
      <Filter>Header Files</Filter>
    </ClInclude>
    <ClInclude Include="core\physics\physics.h">
      <Filter>Header Files</Filter>
    </ClInclude>
    <ClInclude Include="core\physics\rigidbody\rigidbody.h">
      <Filter>Header Files</Filter>
    </ClInclude>
    <ClInclude Include="src\gizmos\editor_gizmo_color.h">
      <Filter>Header Files</Filter>
    </ClInclude>
    <ClInclude Include="core\physics\events\physics_ecs_listener.hpp">
      <Filter>Header Files</Filter>
    </ClInclude>
    <ClInclude Include="core\physics\utils\px_translator.h">
      <Filter>Header Files</Filter>
    </ClInclude>
    <ClInclude Include="core\ecs\entity_container.hpp">
      <Filter>Header Files</Filter>
    </ClInclude>
    <ClInclude Include="core\physics\core\physics_factory.h">
      <Filter>Header Files</Filter>
    </ClInclude>
    <ClInclude Include="core\context\application_context.h">
      <Filter>Header Files</Filter>
    </ClInclude>
    <ClInclude Include="core\backend\api.h">
      <Filter>Header Files</Filter>
    </ClInclude>
    <ClInclude Include="imgui\imconfig.h">
      <Filter>Header Files</Filter>
    </ClInclude>
    <ClInclude Include="imgui\imgui.h">
      <Filter>Header Files</Filter>
    </ClInclude>
    <ClInclude Include="imgui\imgui_impl_glfw.h">
      <Filter>Header Files</Filter>
    </ClInclude>
    <ClInclude Include="imgui\imgui_impl_opengl3.h">
      <Filter>Header Files</Filter>
    </ClInclude>
    <ClInclude Include="imgui\imgui_impl_opengl3_loader.h">
      <Filter>Header Files</Filter>
    </ClInclude>
    <ClInclude Include="imgui\imgui_internal.h">
      <Filter>Header Files</Filter>
    </ClInclude>
    <ClInclude Include="imgui\ImGuizmo.h">
      <Filter>Header Files</Filter>
    </ClInclude>
    <ClInclude Include="imgui\implot.h">
      <Filter>Header Files</Filter>
    </ClInclude>
    <ClInclude Include="imgui\implot_internal.h">
      <Filter>Header Files</Filter>
    </ClInclude>
    <ClInclude Include="imgui\imstb_rectpack.h">
      <Filter>Header Files</Filter>
    </ClInclude>
    <ClInclude Include="imgui\imstb_textedit.h">
      <Filter>Header Files</Filter>
    </ClInclude>
    <ClInclude Include="imgui\imstb_truetype.h">
      <Filter>Header Files</Filter>
    </ClInclude>
    <ClInclude Include="src\ui\dynamic_drawing\dynamic_drawing.h">
      <Filter>Header Files</Filter>
    </ClInclude>
    <ClInclude Include="src\ui\dynamic_drawing\dynamic_content.h">
      <Filter>Header Files</Filter>
    </ClInclude>
    <ClInclude Include="src\ui\dynamic_drawing\dynamic_text.h">
      <Filter>Header Files</Filter>
    </ClInclude>
    <ClInclude Include="src\ui\dynamic_drawing\delta.h">
      <Filter>Header Files</Filter>
    </ClInclude>
    <ClInclude Include="src\ui\dynamic_drawing\utils.h">
      <Filter>Header Files</Filter>
    </ClInclude>
    <ClInclude Include="src\ui\dynamic_drawing\enums.h">
      <Filter>Header Files</Filter>
    </ClInclude>
    <ClInclude Include="src\ui\context_menu.h">
      <Filter>Header Files</Filter>
    </ClInclude>
    <ClInclude Include="src\gizmos\component_gizmos.h">
      <Filter>Header Files</Filter>
    </ClInclude>
    <ClInclude Include="core\physics\rigidbody\rigidbody_enums.h">
      <Filter>Header Files</Filter>
    </ClInclude>
    <ClInclude Include="core\rendering\passes\preprocessor_pass.h">
      <Filter>Header Files</Filter>
    </ClInclude>
    <ClInclude Include="src\ui\windows\insight_panel_window.h">
      <Filter>Header Files</Filter>
    </ClInclude>
    <ClInclude Include="src\ui\inspectables\inspectable.h">
      <Filter>Header Files</Filter>
    </ClInclude>
    <ClInclude Include="src\ui\inspectables\entity_inspectable.h">
      <Filter>Header Files</Filter>
    </ClInclude>
    <ClInclude Include="src\pipelines\preview_pipeline.h">
      <Filter>Header Files</Filter>
    </ClInclude>
    <ClInclude Include="src\ui\footer\footer.h">
      <Filter>Header Files</Filter>
    </ClInclude>
    <ClInclude Include="src\ui\workspace_bar\workspace_bar.h">
      <Filter>Header Files</Filter>
    </ClInclude>
    <ClInclude Include="src\ui\title_bar\title_bar.h">
      <Filter>Header Files</Filter>
    </ClInclude>
    <ClInclude Include="src\ui\components\toggle_bar.h">
      <Filter>Header Files</Filter>
    </ClInclude>
    <ClInclude Include="src\ui\windows\asset_browser_window.h">
      <Filter>Header Files</Filter>
    </ClInclude>
  </ItemGroup>
</Project>